
Microsoft Visual Studio Solution File, Format Version 12.00
# Visual Studio Version 16
VisualStudioVersion = 16.0.30621.155
MinimumVisualStudioVersion = 10.0.40219.1
Project("{8BC9CEB8-8B4A-11D0-8D11-00A0C91BC942}") = "Tic tac toe 2", "Tic tac toe 2.vcxproj", "{5EEEAF11-F9F5-4BE5-AFB3-F545F535101D}"
EndProject
Global
	GlobalSection(SolutionConfigurationPlatforms) = preSolution
		Debug|x64 = Debug|x64
		Debug|x86 = Debug|x86
		Release|x64 = Release|x64
		Release|x86 = Release|x86
	EndGlobalSection
	GlobalSection(ProjectConfigurationPlatforms) = postSolution
		{5EEEAF11-F9F5-4BE5-AFB3-F545F535101D}.Debug|x64.ActiveCfg = Debug|x64
		{5EEEAF11-F9F5-4BE5-AFB3-F545F535101D}.Debug|x64.Build.0 = Debug|x64
		{5EEEAF11-F9F5-4BE5-AFB3-F545F535101D}.Debug|x86.ActiveCfg = Debug|Win32
		{5EEEAF11-F9F5-4BE5-AFB3-F545F535101D}.Debug|x86.Build.0 = Debug|Win32
		{5EEEAF11-F9F5-4BE5-AFB3-F545F535101D}.Release|x64.ActiveCfg = Release|x64
		{5EEEAF11-F9F5-4BE5-AFB3-F545F535101D}.Release|x64.Build.0 = Release|x64
		{5EEEAF11-F9F5-4BE5-AFB3-F545F535101D}.Release|x86.ActiveCfg = Release|Win32
		{5EEEAF11-F9F5-4BE5-AFB3-F545F535101D}.Release|x86.Build.0 = Release|Win32
	EndGlobalSection
	GlobalSection(SolutionProperties) = preSolution
		HideSolutionNode = FALSE
	EndGlobalSection
	GlobalSection(ExtensibilityGlobals) = postSolution
		SolutionGuid = {D2712FD6-21A3-4FD6-A3BC-F8CB4C9EFDA3}
	EndGlobalSection
EndGlobal
